// !$*UTF8*$!
{
	archiveVersion = 1;
	classes = {
	};
	objectVersion = 46;
	objects = {

/* Begin PBXBuildFile section */
		7544AF4D1F2AC46900126FFF /* AppDelegate.swift in Sources */ = {isa = PBXBuildFile; fileRef = 7544AF4C1F2AC46900126FFF /* AppDelegate.swift */; };
		7544AF4F1F2AC46900126FFF /* SignInVC.swift in Sources */ = {isa = PBXBuildFile; fileRef = 7544AF4E1F2AC46900126FFF /* SignInVC.swift */; };
		7544AF521F2AC46900126FFF /* Main.storyboard in Resources */ = {isa = PBXBuildFile; fileRef = 7544AF501F2AC46900126FFF /* Main.storyboard */; };
		7544AF541F2AC46900126FFF /* Assets.xcassets in Resources */ = {isa = PBXBuildFile; fileRef = 7544AF531F2AC46900126FFF /* Assets.xcassets */; };
		7544AF571F2AC46900126FFF /* LaunchScreen.storyboard in Resources */ = {isa = PBXBuildFile; fileRef = 7544AF551F2AC46900126FFF /* LaunchScreen.storyboard */; };
		7544AF5F1F2AC51600126FFF /* GoogleService-Info.plist in Resources */ = {isa = PBXBuildFile; fileRef = 7544AF5E1F2AC51600126FFF /* GoogleService-Info.plist */; };
		7544AF641F2EB82700126FFF /* CustomView.swift in Sources */ = {isa = PBXBuildFile; fileRef = 7544AF631F2EB82700126FFF /* CustomView.swift */; };
		7544AF671F2EB9DC00126FFF /* Constants.swift in Sources */ = {isa = PBXBuildFile; fileRef = 7544AF661F2EB9DC00126FFF /* Constants.swift */; };
		7544AF691F2EBE0500126FFF /* RoundButton.swift in Sources */ = {isa = PBXBuildFile; fileRef = 7544AF681F2EBE0500126FFF /* RoundButton.swift */; };
		7544AF6B1F2EC3A800126FFF /* CustomField.swift in Sources */ = {isa = PBXBuildFile; fileRef = 7544AF6A1F2EC3A800126FFF /* CustomField.swift */; };
		7544AF6D1F2EC80800126FFF /* CustomButton.swift in Sources */ = {isa = PBXBuildFile; fileRef = 7544AF6C1F2EC80800126FFF /* CustomButton.swift */; };
		F210A6F42368E568380E1958 /* Pods_Dev_Social.framework in Frameworks */ = {isa = PBXBuildFile; fileRef = 259902B843F8E41C3DCA2070 /* Pods_Dev_Social.framework */; };
/* End PBXBuildFile section */

/* Begin PBXFileReference section */
		259902B843F8E41C3DCA2070 /* Pods_Dev_Social.framework */ = {isa = PBXFileReference; explicitFileType = wrapper.framework; includeInIndex = 0; path = Pods_Dev_Social.framework; sourceTree = BUILT_PRODUCTS_DIR; };
		5E61280C8D2E0DD8A0A61CF3 /* Pods-Dev Social.release.xcconfig */ = {isa = PBXFileReference; includeInIndex = 1; lastKnownFileType = text.xcconfig; name = "Pods-Dev Social.release.xcconfig"; path = "Pods/Target Support Files/Pods-Dev Social/Pods-Dev Social.release.xcconfig"; sourceTree = "<group>"; };
		7544AF491F2AC46900126FFF /* Dev Social.app */ = {isa = PBXFileReference; explicitFileType = wrapper.application; includeInIndex = 0; path = "Dev Social.app"; sourceTree = BUILT_PRODUCTS_DIR; };
		7544AF4C1F2AC46900126FFF /* AppDelegate.swift */ = {isa = PBXFileReference; lastKnownFileType = sourcecode.swift; path = AppDelegate.swift; sourceTree = "<group>"; };
		7544AF4E1F2AC46900126FFF /* SignInVC.swift */ = {isa = PBXFileReference; lastKnownFileType = sourcecode.swift; path = SignInVC.swift; sourceTree = "<group>"; };
		7544AF511F2AC46900126FFF /* Base */ = {isa = PBXFileReference; lastKnownFileType = file.storyboard; name = Base; path = Base.lproj/Main.storyboard; sourceTree = "<group>"; };
		7544AF531F2AC46900126FFF /* Assets.xcassets */ = {isa = PBXFileReference; lastKnownFileType = folder.assetcatalog; path = Assets.xcassets; sourceTree = "<group>"; };
		7544AF561F2AC46900126FFF /* Base */ = {isa = PBXFileReference; lastKnownFileType = file.storyboard; name = Base; path = Base.lproj/LaunchScreen.storyboard; sourceTree = "<group>"; };
		7544AF581F2AC46900126FFF /* Info.plist */ = {isa = PBXFileReference; lastKnownFileType = text.plist.xml; path = Info.plist; sourceTree = "<group>"; };
		7544AF5E1F2AC51600126FFF /* GoogleService-Info.plist */ = {isa = PBXFileReference; fileEncoding = 4; lastKnownFileType = text.plist.xml; path = "GoogleService-Info.plist"; sourceTree = "<group>"; };
		7544AF631F2EB82700126FFF /* CustomView.swift */ = {isa = PBXFileReference; fileEncoding = 4; lastKnownFileType = sourcecode.swift; path = CustomView.swift; sourceTree = "<group>"; };
		7544AF661F2EB9DC00126FFF /* Constants.swift */ = {isa = PBXFileReference; fileEncoding = 4; lastKnownFileType = sourcecode.swift; path = Constants.swift; sourceTree = "<group>"; };
		7544AF681F2EBE0500126FFF /* RoundButton.swift */ = {isa = PBXFileReference; fileEncoding = 4; lastKnownFileType = sourcecode.swift; path = RoundButton.swift; sourceTree = "<group>"; };
		7544AF6A1F2EC3A800126FFF /* CustomField.swift */ = {isa = PBXFileReference; fileEncoding = 4; lastKnownFileType = sourcecode.swift; path = CustomField.swift; sourceTree = "<group>"; };
		7544AF6C1F2EC80800126FFF /* CustomButton.swift */ = {isa = PBXFileReference; fileEncoding = 4; lastKnownFileType = sourcecode.swift; path = CustomButton.swift; sourceTree = "<group>"; };
		CCDB7880CEB1BD2C8110A822 /* Pods-Dev Social.debug.xcconfig */ = {isa = PBXFileReference; includeInIndex = 1; lastKnownFileType = text.xcconfig; name = "Pods-Dev Social.debug.xcconfig"; path = "Pods/Target Support Files/Pods-Dev Social/Pods-Dev Social.debug.xcconfig"; sourceTree = "<group>"; };
/* End PBXFileReference section */

/* Begin PBXFrameworksBuildPhase section */
		7544AF461F2AC46900126FFF /* Frameworks */ = {
			isa = PBXFrameworksBuildPhase;
			buildActionMask = 2147483647;
			files = (
				F210A6F42368E568380E1958 /* Pods_Dev_Social.framework in Frameworks */,
			);
			runOnlyForDeploymentPostprocessing = 0;
		};
/* End PBXFrameworksBuildPhase section */

/* Begin PBXGroup section */
		633EF978E6A76A98F192C0D0 /* Pods */ = {
			isa = PBXGroup;
			children = (
				CCDB7880CEB1BD2C8110A822 /* Pods-Dev Social.debug.xcconfig */,
				5E61280C8D2E0DD8A0A61CF3 /* Pods-Dev Social.release.xcconfig */,
			);
			name = Pods;
			sourceTree = "<group>";
		};
		7544AF401F2AC46900126FFF = {
			isa = PBXGroup;
			children = (
				7544AF4B1F2AC46900126FFF /* Dev Social */,
				7544AF4A1F2AC46900126FFF /* Products */,
				633EF978E6A76A98F192C0D0 /* Pods */,
				9B3ACFEC587157A73C38D478 /* Frameworks */,
			);
			sourceTree = "<group>";
		};
		7544AF4A1F2AC46900126FFF /* Products */ = {
			isa = PBXGroup;
			children = (
				7544AF491F2AC46900126FFF /* Dev Social.app */,
			);
			name = Products;
			sourceTree = "<group>";
		};
		7544AF4B1F2AC46900126FFF /* Dev Social */ = {
			isa = PBXGroup;
			children = (
				7544AF651F2EB9BD00126FFF /* Utilities */,
				7544AF601F2AC8E400126FFF /* Model */,
				7544AF611F2AC8EA00126FFF /* View */,
				7544AF621F2AC8EF00126FFF /* Controller */,
				7544AF4C1F2AC46900126FFF /* AppDelegate.swift */,
				7544AF501F2AC46900126FFF /* Main.storyboard */,
				7544AF531F2AC46900126FFF /* Assets.xcassets */,
				7544AF551F2AC46900126FFF /* LaunchScreen.storyboard */,
				7544AF581F2AC46900126FFF /* Info.plist */,
				7544AF5E1F2AC51600126FFF /* GoogleService-Info.plist */,
			);
			path = "Dev Social";
			sourceTree = "<group>";
		};
		7544AF601F2AC8E400126FFF /* Model */ = {
			isa = PBXGroup;
			children = (
			);
			name = Model;
			sourceTree = "<group>";
		};
		7544AF611F2AC8EA00126FFF /* View */ = {
			isa = PBXGroup;
			children = (
				7544AF631F2EB82700126FFF /* CustomView.swift */,
				7544AF681F2EBE0500126FFF /* RoundButton.swift */,
				7544AF6A1F2EC3A800126FFF /* CustomField.swift */,
				7544AF6C1F2EC80800126FFF /* CustomButton.swift */,
			);
			name = View;
			sourceTree = "<group>";
		};
		7544AF621F2AC8EF00126FFF /* Controller */ = {
			isa = PBXGroup;
			children = (
				7544AF4E1F2AC46900126FFF /* SignInVC.swift */,
			);
			name = Controller;
			sourceTree = "<group>";
		};
		7544AF651F2EB9BD00126FFF /* Utilities */ = {
			isa = PBXGroup;
			children = (
				7544AF661F2EB9DC00126FFF /* Constants.swift */,
			);
			name = Utilities;
			sourceTree = "<group>";
		};
		9B3ACFEC587157A73C38D478 /* Frameworks */ = {
			isa = PBXGroup;
			children = (
				259902B843F8E41C3DCA2070 /* Pods_Dev_Social.framework */,
			);
			name = Frameworks;
			sourceTree = "<group>";
		};
/* End PBXGroup section */

/* Begin PBXNativeTarget section */
		7544AF481F2AC46900126FFF /* Dev Social */ = {
			isa = PBXNativeTarget;
			buildConfigurationList = 7544AF5B1F2AC46900126FFF /* Build configuration list for PBXNativeTarget "Dev Social" */;
			buildPhases = (
				55EE40C5B5AA324FE709B434 /* [CP] Check Pods Manifest.lock */,
				7544AF451F2AC46900126FFF /* Sources */,
				7544AF461F2AC46900126FFF /* Frameworks */,
				7544AF471F2AC46900126FFF /* Resources */,
				1A30A6B7F6829AA329536163 /* [CP] Embed Pods Frameworks */,
				A27F4BC7D1A191603156684B /* [CP] Copy Pods Resources */,
			);
			buildRules = (
			);
			dependencies = (
			);
			name = "Dev Social";
			productName = "Dev Social";
			productReference = 7544AF491F2AC46900126FFF /* Dev Social.app */;
			productType = "com.apple.product-type.application";
		};
/* End PBXNativeTarget section */

/* Begin PBXProject section */
		7544AF411F2AC46900126FFF /* Project object */ = {
			isa = PBXProject;
			attributes = {
				LastSwiftUpdateCheck = 0830;
				LastUpgradeCheck = 0830;
				ORGANIZATIONNAME = Devslopes;
				TargetAttributes = {
					7544AF481F2AC46900126FFF = {
						CreatedOnToolsVersion = 8.3.2;
						ProvisioningStyle = Automatic;
					};
				};
			};
			buildConfigurationList = 7544AF441F2AC46900126FFF /* Build configuration list for PBXProject "Dev Social" */;
			compatibilityVersion = "Xcode 3.2";
			developmentRegion = English;
			hasScannedForEncodings = 0;
			knownRegions = (
				en,
				Base,
			);
			mainGroup = 7544AF401F2AC46900126FFF;
			productRefGroup = 7544AF4A1F2AC46900126FFF /* Products */;
			projectDirPath = "";
			projectRoot = "";
			targets = (
				7544AF481F2AC46900126FFF /* Dev Social */,
			);
		};
/* End PBXProject section */

/* Begin PBXResourcesBuildPhase section */
		7544AF471F2AC46900126FFF /* Resources */ = {
			isa = PBXResourcesBuildPhase;
			buildActionMask = 2147483647;
			files = (
				7544AF571F2AC46900126FFF /* LaunchScreen.storyboard in Resources */,
				7544AF541F2AC46900126FFF /* Assets.xcassets in Resources */,
				7544AF521F2AC46900126FFF /* Main.storyboard in Resources */,
				7544AF5F1F2AC51600126FFF /* GoogleService-Info.plist in Resources */,
			);
			runOnlyForDeploymentPostprocessing = 0;
		};
/* End PBXResourcesBuildPhase section */

/* Begin PBXShellScriptBuildPhase section */
		1A30A6B7F6829AA329536163 /* [CP] Embed Pods Frameworks */ = {
			isa = PBXShellScriptBuildPhase;
			buildActionMask = 2147483647;
			files = (
			);
			inputPaths = (
			);
			name = "[CP] Embed Pods Frameworks";
			outputPaths = (
			);
			runOnlyForDeploymentPostprocessing = 0;
			shellPath = /bin/sh;
			shellScript = "\"${SRCROOT}/Pods/Target Support Files/Pods-Dev Social/Pods-Dev Social-frameworks.sh\"\n";
			showEnvVarsInLog = 0;
		};
		55EE40C5B5AA324FE709B434 /* [CP] Check Pods Manifest.lock */ = {
			isa = PBXShellScriptBuildPhase;
			buildActionMask = 2147483647;
			files = (
			);
			inputPaths = (
			);
			name = "[CP] Check Pods Manifest.lock";
			outputPaths = (
			);
			runOnlyForDeploymentPostprocessing = 0;
			shellPath = /bin/sh;
			shellScript = "diff \"${PODS_PODFILE_DIR_PATH}/Podfile.lock\" \"${PODS_ROOT}/Manifest.lock\" > /dev/null\nif [ $? != 0 ] ; then\n    # print error to STDERR\n    echo \"error: The sandbox is not in sync with the Podfile.lock. Run 'pod install' or update your CocoaPods installation.\" >&2\n    exit 1\nfi\n";
			showEnvVarsInLog = 0;
		};
		A27F4BC7D1A191603156684B /* [CP] Copy Pods Resources */ = {
			isa = PBXShellScriptBuildPhase;
			buildActionMask = 2147483647;
			files = (
			);
			inputPaths = (
			);
			name = "[CP] Copy Pods Resources";
			outputPaths = (
			);
			runOnlyForDeploymentPostprocessing = 0;
			shellPath = /bin/sh;
			shellScript = "\"${SRCROOT}/Pods/Target Support Files/Pods-Dev Social/Pods-Dev Social-resources.sh\"\n";
			showEnvVarsInLog = 0;
		};
/* End PBXShellScriptBuildPhase section */

/* Begin PBXSourcesBuildPhase section */
		7544AF451F2AC46900126FFF /* Sources */ = {
			isa = PBXSourcesBuildPhase;
			buildActionMask = 2147483647;
			files = (
				7544AF641F2EB82700126FFF /* CustomView.swift in Sources */,
				7544AF691F2EBE0500126FFF /* RoundButton.swift in Sources */,
				7544AF4F1F2AC46900126FFF /* SignInVC.swift in Sources */,
				7544AF6B1F2EC3A800126FFF /* CustomField.swift in Sources */,
				7544AF6D1F2EC80800126FFF /* CustomButton.swift in Sources */,
				7544AF4D1F2AC46900126FFF /* AppDelegate.swift in Sources */,
				7544AF671F2EB9DC00126FFF /* Constants.swift in Sources */,
			);
			runOnlyForDeploymentPostprocessing = 0;
		};
/* End PBXSourcesBuildPhase section */

/* Begin PBXVariantGroup section */
		7544AF501F2AC46900126FFF /* Main.storyboard */ = {
			isa = PBXVariantGroup;
			children = (
				7544AF511F2AC46900126FFF /* Base */,
			);
			name = Main.storyboard;
			sourceTree = "<group>";
		};
		7544AF551F2AC46900126FFF /* LaunchScreen.storyboard */ = {
			isa = PBXVariantGroup;
			children = (
				7544AF561F2AC46900126FFF /* Base */,
			);
			name = LaunchScreen.storyboard;
			sourceTree = "<group>";
		};
/* End PBXVariantGroup section */

/* Begin XCBuildConfiguration section */
		7544AF591F2AC46900126FFF /* Debug */ = {
			isa = XCBuildConfiguration;
			buildSettings = {
				ALWAYS_SEARCH_USER_PATHS = NO;
				CLANG_ANALYZER_NONNULL = YES;
				CLANG_ANALYZER_NUMBER_OBJECT_CONVERSION = YES_AGGRESSIVE;
				CLANG_CXX_LANGUAGE_STANDARD = "gnu++0x";
				CLANG_CXX_LIBRARY = "libc++";
				CLANG_ENABLE_MODULES = YES;
				CLANG_ENABLE_OBJC_ARC = YES;
				CLANG_WARN_BOOL_CONVERSION = YES;
				CLANG_WARN_CONSTANT_CONVERSION = YES;
				CLANG_WARN_DIRECT_OBJC_ISA_USAGE = YES_ERROR;
				CLANG_WARN_DOCUMENTATION_COMMENTS = YES;
				CLANG_WARN_EMPTY_BODY = YES;
				CLANG_WARN_ENUM_CONVERSION = YES;
				CLANG_WARN_INFINITE_RECURSION = YES;
				CLANG_WARN_INT_CONVERSION = YES;
				CLANG_WARN_OBJC_ROOT_CLASS = YES_ERROR;
				CLANG_WARN_SUSPICIOUS_MOVE = YES;
				CLANG_WARN_UNREACHABLE_CODE = YES;
				CLANG_WARN__DUPLICATE_METHOD_MATCH = YES;
				"CODE_SIGN_IDENTITY[sdk=iphoneos*]" = "iPhone Developer";
				COPY_PHASE_STRIP = NO;
				DEBUG_INFORMATION_FORMAT = dwarf;
				ENABLE_STRICT_OBJC_MSGSEND = YES;
				ENABLE_TESTABILITY = YES;
				GCC_C_LANGUAGE_STANDARD = gnu99;
				GCC_DYNAMIC_NO_PIC = NO;
				GCC_NO_COMMON_BLOCKS = YES;
				GCC_OPTIMIZATION_LEVEL = 0;
				GCC_PREPROCESSOR_DEFINITIONS = (
					"DEBUG=1",
					"$(inherited)",
				);
				GCC_WARN_64_TO_32_BIT_CONVERSION = YES;
				GCC_WARN_ABOUT_RETURN_TYPE = YES_ERROR;
				GCC_WARN_UNDECLARED_SELECTOR = YES;
				GCC_WARN_UNINITIALIZED_AUTOS = YES_AGGRESSIVE;
				GCC_WARN_UNUSED_FUNCTION = YES;
				GCC_WARN_UNUSED_VARIABLE = YES;
				IPHONEOS_DEPLOYMENT_TARGET = 10.3;
				MTL_ENABLE_DEBUG_INFO = YES;
				ONLY_ACTIVE_ARCH = YES;
				SDKROOT = iphoneos;
				SWIFT_ACTIVE_COMPILATION_CONDITIONS = DEBUG;
				SWIFT_OPTIMIZATION_LEVEL = "-Onone";
				TARGETED_DEVICE_FAMILY = "1,2";
			};
			name = Debug;
		};
		7544AF5A1F2AC46900126FFF /* Release */ = {
			isa = XCBuildConfiguration;
			buildSettings = {
				ALWAYS_SEARCH_USER_PATHS = NO;
				CLANG_ANALYZER_NONNULL = YES;
				CLANG_ANALYZER_NUMBER_OBJECT_CONVERSION = YES_AGGRESSIVE;
				CLANG_CXX_LANGUAGE_STANDARD = "gnu++0x";
				CLANG_CXX_LIBRARY = "libc++";
				CLANG_ENABLE_MODULES = YES;
				CLANG_ENABLE_OBJC_ARC = YES;
				CLANG_WARN_BOOL_CONVERSION = YES;
				CLANG_WARN_CONSTANT_CONVERSION = YES;
				CLANG_WARN_DIRECT_OBJC_ISA_USAGE = YES_ERROR;
				CLANG_WARN_DOCUMENTATION_COMMENTS = YES;
				CLANG_WARN_EMPTY_BODY = YES;
				CLANG_WARN_ENUM_CONVERSION = YES;
				CLANG_WARN_INFINITE_RECURSION = YES;
				CLANG_WARN_INT_CONVERSION = YES;
				CLANG_WARN_OBJC_ROOT_CLASS = YES_ERROR;
				CLANG_WARN_SUSPICIOUS_MOVE = YES;
				CLANG_WARN_UNREACHABLE_CODE = YES;
				CLANG_WARN__DUPLICATE_METHOD_MATCH = YES;
				"CODE_SIGN_IDENTITY[sdk=iphoneos*]" = "iPhone Developer";
				COPY_PHASE_STRIP = NO;
				DEBUG_INFORMATION_FORMAT = "dwarf-with-dsym";
				ENABLE_NS_ASSERTIONS = NO;
				ENABLE_STRICT_OBJC_MSGSEND = YES;
				GCC_C_LANGUAGE_STANDARD = gnu99;
				GCC_NO_COMMON_BLOCKS = YES;
				GCC_WARN_64_TO_32_BIT_CONVERSION = YES;
				GCC_WARN_ABOUT_RETURN_TYPE = YES_ERROR;
				GCC_WARN_UNDECLARED_SELECTOR = YES;
				GCC_WARN_UNINITIALIZED_AUTOS = YES_AGGRESSIVE;
				GCC_WARN_UNUSED_FUNCTION = YES;
				GCC_WARN_UNUSED_VARIABLE = YES;
				IPHONEOS_DEPLOYMENT_TARGET = 10.3;
				MTL_ENABLE_DEBUG_INFO = NO;
				SDKROOT = iphoneos;
				SWIFT_OPTIMIZATION_LEVEL = "-Owholemodule";
				TARGETED_DEVICE_FAMILY = "1,2";
				VALIDATE_PRODUCT = YES;
			};
			name = Release;
		};
		7544AF5C1F2AC46900126FFF /* Debug */ = {
			isa = XCBuildConfiguration;
			baseConfigurationReference = CCDB7880CEB1BD2C8110A822 /* Pods-Dev Social.debug.xcconfig */;
			buildSettings = {
				ASSETCATALOG_COMPILER_APPICON_NAME = AppIcon;
				INFOPLIST_FILE = "Dev Social/Info.plist";
				LD_RUNPATH_SEARCH_PATHS = "$(inherited) @executable_path/Frameworks";
				PRODUCT_BUNDLE_IDENTIFIER = "com.devslopes.Dev-Social";
				PRODUCT_NAME = "$(TARGET_NAME)";
				SWIFT_VERSION = 3.0;
			};
			name = Debug;
		};
		7544AF5D1F2AC46900126FFF /* Release */ = {
			isa = XCBuildConfiguration;
			baseConfigurationReference = 5E61280C8D2E0DD8A0A61CF3 /* Pods-Dev Social.release.xcconfig */;
			buildSettings = {
				ASSETCATALOG_COMPILER_APPICON_NAME = AppIcon;
				INFOPLIST_FILE = "Dev Social/Info.plist";
				LD_RUNPATH_SEARCH_PATHS = "$(inherited) @executable_path/Frameworks";
				PRODUCT_BUNDLE_IDENTIFIER = "com.devslopes.Dev-Social";
				PRODUCT_NAME = "$(TARGET_NAME)";
				SWIFT_VERSION = 3.0;
			};
			name = Release;
		};
/* End XCBuildConfiguration section */

/* Begin XCConfigurationList section */
		7544AF441F2AC46900126FFF /* Build configuration list for PBXProject "Dev Social" */ = {
			isa = XCConfigurationList;
			buildConfigurations = (
				7544AF591F2AC46900126FFF /* Debug */,
				7544AF5A1F2AC46900126FFF /* Release */,
			);
			defaultConfigurationIsVisible = 0;
			defaultConfigurationName = Release;
		};
		7544AF5B1F2AC46900126FFF /* Build configuration list for PBXNativeTarget "Dev Social" */ = {
			isa = XCConfigurationList;
			buildConfigurations = (
				7544AF5C1F2AC46900126FFF /* Debug */,
				7544AF5D1F2AC46900126FFF /* Release */,
			);
			defaultConfigurationIsVisible = 0;
			defaultConfigurationName = Release;
		};
/* End XCConfigurationList section */
	};
	rootObject = 7544AF411F2AC46900126FFF /* Project object */;
}
